// !$*UTF8*$!
{
	archiveVersion = 1;
	classes = {
	};
	objectVersion = 46;
	objects = {

/* Begin PBXBuildFile section */
		C0996E1418F32D1500DB1EF8 /* Foundation.framework in Frameworks */ = {isa = PBXBuildFile; fileRef = C0996E1318F32D1500DB1EF8 /* Foundation.framework */; };
		C0996E1618F32D1500DB1EF8 /* CoreGraphics.framework in Frameworks */ = {isa = PBXBuildFile; fileRef = C0996E1518F32D1500DB1EF8 /* CoreGraphics.framework */; };
		C0996E1818F32D1500DB1EF8 /* UIKit.framework in Frameworks */ = {isa = PBXBuildFile; fileRef = C0996E1718F32D1500DB1EF8 /* UIKit.framework */; };
		C0996E1A18F32D1500DB1EF8 /* CoreData.framework in Frameworks */ = {isa = PBXBuildFile; fileRef = C0996E1918F32D1500DB1EF8 /* CoreData.framework */; };
		C0996E2018F32D1500DB1EF8 /* InfoPlist.strings in Resources */ = {isa = PBXBuildFile; fileRef = C0996E1E18F32D1500DB1EF8 /* InfoPlist.strings */; };
		C0996E2218F32D1500DB1EF8 /* main.m in Sources */ = {isa = PBXBuildFile; fileRef = C0996E2118F32D1500DB1EF8 /* main.m */; };
		C0996E2618F32D1500DB1EF8 /* Q7AppDelegate.m in Sources */ = {isa = PBXBuildFile; fileRef = C0996E2518F32D1500DB1EF8 /* Q7AppDelegate.m */; };
		C0996E2918F32D1500DB1EF8 /* Main.storyboard in Resources */ = {isa = PBXBuildFile; fileRef = C0996E2718F32D1500DB1EF8 /* Main.storyboard */; };
		C0996E2C18F32D1500DB1EF8 /* Quiz7.xcdatamodeld in Sources */ = {isa = PBXBuildFile; fileRef = C0996E2A18F32D1500DB1EF8 /* Quiz7.xcdatamodeld */; };
		C0996E2F18F32D1500DB1EF8 /* Q7MasterViewController.m in Sources */ = {isa = PBXBuildFile; fileRef = C0996E2E18F32D1500DB1EF8 /* Q7MasterViewController.m */; };
		C0996E3218F32D1500DB1EF8 /* Q7DetailViewController.m in Sources */ = {isa = PBXBuildFile; fileRef = C0996E3118F32D1500DB1EF8 /* Q7DetailViewController.m */; };
		C0996E3418F32D1500DB1EF8 /* Images.xcassets in Resources */ = {isa = PBXBuildFile; fileRef = C0996E3318F32D1500DB1EF8 /* Images.xcassets */; };
		C0996E3B18F32D1500DB1EF8 /* XCTest.framework in Frameworks */ = {isa = PBXBuildFile; fileRef = C0996E3A18F32D1500DB1EF8 /* XCTest.framework */; };
		C0996E3C18F32D1500DB1EF8 /* Foundation.framework in Frameworks */ = {isa = PBXBuildFile; fileRef = C0996E1318F32D1500DB1EF8 /* Foundation.framework */; };
		C0996E3D18F32D1500DB1EF8 /* UIKit.framework in Frameworks */ = {isa = PBXBuildFile; fileRef = C0996E1718F32D1500DB1EF8 /* UIKit.framework */; };
		C0996E3E18F32D1500DB1EF8 /* CoreData.framework in Frameworks */ = {isa = PBXBuildFile; fileRef = C0996E1918F32D1500DB1EF8 /* CoreData.framework */; };
		C0996E4618F32D1500DB1EF8 /* InfoPlist.strings in Resources */ = {isa = PBXBuildFile; fileRef = C0996E4418F32D1500DB1EF8 /* InfoPlist.strings */; };
		C0996E4818F32D1500DB1EF8 /* Quiz7Tests.m in Sources */ = {isa = PBXBuildFile; fileRef = C0996E4718F32D1500DB1EF8 /* Quiz7Tests.m */; };
/* End PBXBuildFile section */

/* Begin PBXContainerItemProxy section */
		C0996E3F18F32D1500DB1EF8 /* PBXContainerItemProxy */ = {
			isa = PBXContainerItemProxy;
			containerPortal = C0996E0818F32D1400DB1EF8 /* Project object */;
			proxyType = 1;
			remoteGlobalIDString = C0996E0F18F32D1500DB1EF8;
			remoteInfo = Quiz7;
		};
/* End PBXContainerItemProxy section */

/* Begin PBXFileReference section */
		C0996E1018F32D1500DB1EF8 /* Quiz7.app */ = {isa = PBXFileReference; explicitFileType = wrapper.application; includeInIndex = 0; path = Quiz7.app; sourceTree = BUILT_PRODUCTS_DIR; };
		C0996E1318F32D1500DB1EF8 /* Foundation.framework */ = {isa = PBXFileReference; lastKnownFileType = wrapper.framework; name = Foundation.framework; path = System/Library/Frameworks/Foundation.framework; sourceTree = SDKROOT; };
		C0996E1518F32D1500DB1EF8 /* CoreGraphics.framework */ = {isa = PBXFileReference; lastKnownFileType = wrapper.framework; name = CoreGraphics.framework; path = System/Library/Frameworks/CoreGraphics.framework; sourceTree = SDKROOT; };
		C0996E1718F32D1500DB1EF8 /* UIKit.framework */ = {isa = PBXFileReference; lastKnownFileType = wrapper.framework; name = UIKit.framework; path = System/Library/Frameworks/UIKit.framework; sourceTree = SDKROOT; };
		C0996E1918F32D1500DB1EF8 /* CoreData.framework */ = {isa = PBXFileReference; lastKnownFileType = wrapper.framework; name = CoreData.framework; path = System/Library/Frameworks/CoreData.framework; sourceTree = SDKROOT; };
		C0996E1D18F32D1500DB1EF8 /* Quiz7-Info.plist */ = {isa = PBXFileReference; lastKnownFileType = text.plist.xml; path = "Quiz7-Info.plist"; sourceTree = "<group>"; };
		C0996E1F18F32D1500DB1EF8 /* en */ = {isa = PBXFileReference; lastKnownFileType = text.plist.strings; name = en; path = en.lproj/InfoPlist.strings; sourceTree = "<group>"; };
		C0996E2118F32D1500DB1EF8 /* main.m */ = {isa = PBXFileReference; lastKnownFileType = sourcecode.c.objc; path = main.m; sourceTree = "<group>"; };
		C0996E2318F32D1500DB1EF8 /* Quiz7-Prefix.pch */ = {isa = PBXFileReference; lastKnownFileType = sourcecode.c.h; path = "Quiz7-Prefix.pch"; sourceTree = "<group>"; };
		C0996E2418F32D1500DB1EF8 /* Q7AppDelegate.h */ = {isa = PBXFileReference; lastKnownFileType = sourcecode.c.h; path = Q7AppDelegate.h; sourceTree = "<group>"; };
		C0996E2518F32D1500DB1EF8 /* Q7AppDelegate.m */ = {isa = PBXFileReference; lastKnownFileType = sourcecode.c.objc; path = Q7AppDelegate.m; sourceTree = "<group>"; };
		C0996E2818F32D1500DB1EF8 /* Base */ = {isa = PBXFileReference; lastKnownFileType = file.storyboard; name = Base; path = Base.lproj/Main.storyboard; sourceTree = "<group>"; };
		C0996E2B18F32D1500DB1EF8 /* Quiz7.xcdatamodel */ = {isa = PBXFileReference; lastKnownFileType = wrapper.xcdatamodel; path = Quiz7.xcdatamodel; sourceTree = "<group>"; };
		C0996E2D18F32D1500DB1EF8 /* Q7MasterViewController.h */ = {isa = PBXFileReference; lastKnownFileType = sourcecode.c.h; path = Q7MasterViewController.h; sourceTree = "<group>"; };
		C0996E2E18F32D1500DB1EF8 /* Q7MasterViewController.m */ = {isa = PBXFileReference; lastKnownFileType = sourcecode.c.objc; path = Q7MasterViewController.m; sourceTree = "<group>"; };
		C0996E3018F32D1500DB1EF8 /* Q7DetailViewController.h */ = {isa = PBXFileReference; lastKnownFileType = sourcecode.c.h; path = Q7DetailViewController.h; sourceTree = "<group>"; };
		C0996E3118F32D1500DB1EF8 /* Q7DetailViewController.m */ = {isa = PBXFileReference; lastKnownFileType = sourcecode.c.objc; path = Q7DetailViewController.m; sourceTree = "<group>"; };
		C0996E3318F32D1500DB1EF8 /* Images.xcassets */ = {isa = PBXFileReference; lastKnownFileType = folder.assetcatalog; path = Images.xcassets; sourceTree = "<group>"; };
		C0996E3918F32D1500DB1EF8 /* Quiz7Tests.xctest */ = {isa = PBXFileReference; explicitFileType = wrapper.cfbundle; includeInIndex = 0; path = Quiz7Tests.xctest; sourceTree = BUILT_PRODUCTS_DIR; };
		C0996E3A18F32D1500DB1EF8 /* XCTest.framework */ = {isa = PBXFileReference; lastKnownFileType = wrapper.framework; name = XCTest.framework; path = Library/Frameworks/XCTest.framework; sourceTree = DEVELOPER_DIR; };
		C0996E4318F32D1500DB1EF8 /* Quiz7Tests-Info.plist */ = {isa = PBXFileReference; lastKnownFileType = text.plist.xml; path = "Quiz7Tests-Info.plist"; sourceTree = "<group>"; };
		C0996E4518F32D1500DB1EF8 /* en */ = {isa = PBXFileReference; lastKnownFileType = text.plist.strings; name = en; path = en.lproj/InfoPlist.strings; sourceTree = "<group>"; };
		C0996E4718F32D1500DB1EF8 /* Quiz7Tests.m */ = {isa = PBXFileReference; lastKnownFileType = sourcecode.c.objc; path = Quiz7Tests.m; sourceTree = "<group>"; };
/* End PBXFileReference section */

/* Begin PBXFrameworksBuildPhase section */
		C0996E0D18F32D1500DB1EF8 /* Frameworks */ = {
			isa = PBXFrameworksBuildPhase;
			buildActionMask = 2147483647;
			files = (
				C0996E1618F32D1500DB1EF8 /* CoreGraphics.framework in Frameworks */,
				C0996E1A18F32D1500DB1EF8 /* CoreData.framework in Frameworks */,
				C0996E1818F32D1500DB1EF8 /* UIKit.framework in Frameworks */,
				C0996E1418F32D1500DB1EF8 /* Foundation.framework in Frameworks */,
			);
			runOnlyForDeploymentPostprocessing = 0;
		};
		C0996E3618F32D1500DB1EF8 /* Frameworks */ = {
			isa = PBXFrameworksBuildPhase;
			buildActionMask = 2147483647;
			files = (
				C0996E3B18F32D1500DB1EF8 /* XCTest.framework in Frameworks */,
				C0996E3E18F32D1500DB1EF8 /* CoreData.framework in Frameworks */,
				C0996E3D18F32D1500DB1EF8 /* UIKit.framework in Frameworks */,
				C0996E3C18F32D1500DB1EF8 /* Foundation.framework in Frameworks */,
			);
			runOnlyForDeploymentPostprocessing = 0;
		};
/* End PBXFrameworksBuildPhase section */

/* Begin PBXGroup section */
		C0996E0718F32D1400DB1EF8 = {
			isa = PBXGroup;
			children = (
				C0996E1B18F32D1500DB1EF8 /* Quiz7 */,
				C0996E4118F32D1500DB1EF8 /* Quiz7Tests */,
				C0996E1218F32D1500DB1EF8 /* Frameworks */,
				C0996E1118F32D1500DB1EF8 /* Products */,
			);
			sourceTree = "<group>";
		};
		C0996E1118F32D1500DB1EF8 /* Products */ = {
			isa = PBXGroup;
			children = (
				C0996E1018F32D1500DB1EF8 /* Quiz7.app */,
				C0996E3918F32D1500DB1EF8 /* Quiz7Tests.xctest */,
			);
			name = Products;
			sourceTree = "<group>";
		};
		C0996E1218F32D1500DB1EF8 /* Frameworks */ = {
			isa = PBXGroup;
			children = (
				C0996E1318F32D1500DB1EF8 /* Foundation.framework */,
				C0996E1518F32D1500DB1EF8 /* CoreGraphics.framework */,
				C0996E1718F32D1500DB1EF8 /* UIKit.framework */,
				C0996E1918F32D1500DB1EF8 /* CoreData.framework */,
				C0996E3A18F32D1500DB1EF8 /* XCTest.framework */,
			);
			name = Frameworks;
			sourceTree = "<group>";
		};
		C0996E1B18F32D1500DB1EF8 /* Quiz7 */ = {
			isa = PBXGroup;
			children = (
				C0996E2418F32D1500DB1EF8 /* Q7AppDelegate.h */,
				C0996E2518F32D1500DB1EF8 /* Q7AppDelegate.m */,
				C0996E2718F32D1500DB1EF8 /* Main.storyboard */,
				C0996E2D18F32D1500DB1EF8 /* Q7MasterViewController.h */,
				C0996E2E18F32D1500DB1EF8 /* Q7MasterViewController.m */,
				C0996E3018F32D1500DB1EF8 /* Q7DetailViewController.h */,
				C0996E3118F32D1500DB1EF8 /* Q7DetailViewController.m */,
				C0996E3318F32D1500DB1EF8 /* Images.xcassets */,
				C0996E2A18F32D1500DB1EF8 /* Quiz7.xcdatamodeld */,
				C0996E1C18F32D1500DB1EF8 /* Supporting Files */,
			);
			path = Quiz7;
			sourceTree = "<group>";
		};
		C0996E1C18F32D1500DB1EF8 /* Supporting Files */ = {
			isa = PBXGroup;
			children = (
				C0996E1D18F32D1500DB1EF8 /* Quiz7-Info.plist */,
				C0996E1E18F32D1500DB1EF8 /* InfoPlist.strings */,
				C0996E2118F32D1500DB1EF8 /* main.m */,
				C0996E2318F32D1500DB1EF8 /* Quiz7-Prefix.pch */,
			);
			name = "Supporting Files";
			sourceTree = "<group>";
		};
		C0996E4118F32D1500DB1EF8 /* Quiz7Tests */ = {
			isa = PBXGroup;
			children = (
				C0996E4718F32D1500DB1EF8 /* Quiz7Tests.m */,
				C0996E4218F32D1500DB1EF8 /* Supporting Files */,
			);
			path = Quiz7Tests;
			sourceTree = "<group>";
		};
		C0996E4218F32D1500DB1EF8 /* Supporting Files */ = {
			isa = PBXGroup;
			children = (
				C0996E4318F32D1500DB1EF8 /* Quiz7Tests-Info.plist */,
				C0996E4418F32D1500DB1EF8 /* InfoPlist.strings */,
			);
			name = "Supporting Files";
			sourceTree = "<group>";
		};
/* End PBXGroup section */

/* Begin PBXNativeTarget section */
		C0996E0F18F32D1500DB1EF8 /* Quiz7 */ = {
			isa = PBXNativeTarget;
			buildConfigurationList = C0996E4B18F32D1500DB1EF8 /* Build configuration list for PBXNativeTarget "Quiz7" */;
			buildPhases = (
				C0996E0C18F32D1500DB1EF8 /* Sources */,
				C0996E0D18F32D1500DB1EF8 /* Frameworks */,
				C0996E0E18F32D1500DB1EF8 /* Resources */,
			);
			buildRules = (
			);
			dependencies = (
			);
			name = Quiz7;
			productName = Quiz7;
			productReference = C0996E1018F32D1500DB1EF8 /* Quiz7.app */;
			productType = "com.apple.product-type.application";
		};
		C0996E3818F32D1500DB1EF8 /* Quiz7Tests */ = {
			isa = PBXNativeTarget;
			buildConfigurationList = C0996E4E18F32D1500DB1EF8 /* Build configuration list for PBXNativeTarget "Quiz7Tests" */;
			buildPhases = (
				C0996E3518F32D1500DB1EF8 /* Sources */,
				C0996E3618F32D1500DB1EF8 /* Frameworks */,
				C0996E3718F32D1500DB1EF8 /* Resources */,
			);
			buildRules = (
			);
			dependencies = (
				C0996E4018F32D1500DB1EF8 /* PBXTargetDependency */,
			);
			name = Quiz7Tests;
			productName = Quiz7Tests;
			productReference = C0996E3918F32D1500DB1EF8 /* Quiz7Tests.xctest */;
			productType = "com.apple.product-type.bundle.unit-test";
		};
/* End PBXNativeTarget section */

/* Begin PBXProject section */
		C0996E0818F32D1400DB1EF8 /* Project object */ = {
			isa = PBXProject;
			attributes = {
				CLASSPREFIX = Q7;
				LastUpgradeCheck = 0510;
				ORGANIZATIONNAME = "Zixuan Huang";
				TargetAttributes = {
					C0996E3818F32D1500DB1EF8 = {
						TestTargetID = C0996E0F18F32D1500DB1EF8;
					};
				};
			};
			buildConfigurationList = C0996E0B18F32D1400DB1EF8 /* Build configuration list for PBXProject "Quiz7" */;
			compatibilityVersion = "Xcode 3.2";
			developmentRegion = English;
			hasScannedForEncodings = 0;
			knownRegions = (
				en,
				Base,
			);
			mainGroup = C0996E0718F32D1400DB1EF8;
			productRefGroup = C0996E1118F32D1500DB1EF8 /* Products */;
			projectDirPath = "";
			projectRoot = "";
			targets = (
				C0996E0F18F32D1500DB1EF8 /* Quiz7 */,
				C0996E3818F32D1500DB1EF8 /* Quiz7Tests */,
			);
		};
/* End PBXProject section */

/* Begin PBXResourcesBuildPhase section */
		C0996E0E18F32D1500DB1EF8 /* Resources */ = {
			isa = PBXResourcesBuildPhase;
			buildActionMask = 2147483647;
			files = (
				C0996E3418F32D1500DB1EF8 /* Images.xcassets in Resources */,
				C0996E2018F32D1500DB1EF8 /* InfoPlist.strings in Resources */,
				C0996E2918F32D1500DB1EF8 /* Main.storyboard in Resources */,
			);
			runOnlyForDeploymentPostprocessing = 0;
		};
		C0996E3718F32D1500DB1EF8 /* Resources */ = {
			isa = PBXResourcesBuildPhase;
			buildActionMask = 2147483647;
			files = (
				C0996E4618F32D1500DB1EF8 /* InfoPlist.strings in Resources */,
			);
			runOnlyForDeploymentPostprocessing = 0;
		};
/* End PBXResourcesBuildPhase section */

/* Begin PBXSourcesBuildPhase section */
		C0996E0C18F32D1500DB1EF8 /* Sources */ = {
			isa = PBXSourcesBuildPhase;
			buildActionMask = 2147483647;
			files = (
				C0996E3218F32D1500DB1EF8 /* Q7DetailViewController.m in Sources */,
				C0996E2C18F32D1500DB1EF8 /* Quiz7.xcdatamodeld in Sources */,
				C0996E2618F32D1500DB1EF8 /* Q7AppDelegate.m in Sources */,
				C0996E2F18F32D1500DB1EF8 /* Q7MasterViewController.m in Sources */,
				C0996E2218F32D1500DB1EF8 /* main.m in Sources */,
			);
			runOnlyForDeploymentPostprocessing = 0;
		};
		C0996E3518F32D1500DB1EF8 /* Sources */ = {
			isa = PBXSourcesBuildPhase;
			buildActionMask = 2147483647;
			files = (
				C0996E4818F32D1500DB1EF8 /* Quiz7Tests.m in Sources */,
			);
			runOnlyForDeploymentPostprocessing = 0;
		};
/* End PBXSourcesBuildPhase section */

/* Begin PBXTargetDependency section */
		C0996E4018F32D1500DB1EF8 /* PBXTargetDependency */ = {
			isa = PBXTargetDependency;
			target = C0996E0F18F32D1500DB1EF8 /* Quiz7 */;
			targetProxy = C0996E3F18F32D1500DB1EF8 /* PBXContainerItemProxy */;
		};
/* End PBXTargetDependency section */

/* Begin PBXVariantGroup section */
		C0996E1E18F32D1500DB1EF8 /* InfoPlist.strings */ = {
			isa = PBXVariantGroup;
			children = (
				C0996E1F18F32D1500DB1EF8 /* en */,
			);
			name = InfoPlist.strings;
			sourceTree = "<group>";
		};
		C0996E2718F32D1500DB1EF8 /* Main.storyboard */ = {
			isa = PBXVariantGroup;
			children = (
				C0996E2818F32D1500DB1EF8 /* Base */,
			);
			name = Main.storyboard;
			sourceTree = "<group>";
		};
		C0996E4418F32D1500DB1EF8 /* InfoPlist.strings */ = {
			isa = PBXVariantGroup;
			children = (
				C0996E4518F32D1500DB1EF8 /* en */,
			);
			name = InfoPlist.strings;
			sourceTree = "<group>";
		};
/* End PBXVariantGroup section */

/* Begin XCBuildConfiguration section */
		C0996E4918F32D1500DB1EF8 /* Debug */ = {
			isa = XCBuildConfiguration;
			buildSettings = {
				ALWAYS_SEARCH_USER_PATHS = NO;
				CLANG_CXX_LANGUAGE_STANDARD = "gnu++0x";
				CLANG_CXX_LIBRARY = "libc++";
				CLANG_ENABLE_MODULES = YES;
				CLANG_ENABLE_OBJC_ARC = YES;
				CLANG_WARN_BOOL_CONVERSION = YES;
				CLANG_WARN_CONSTANT_CONVERSION = YES;
				CLANG_WARN_DIRECT_OBJC_ISA_USAGE = YES_ERROR;
				CLANG_WARN_EMPTY_BODY = YES;
				CLANG_WARN_ENUM_CONVERSION = YES;
				CLANG_WARN_INT_CONVERSION = YES;
				CLANG_WARN_OBJC_ROOT_CLASS = YES_ERROR;
				CLANG_WARN__DUPLICATE_METHOD_MATCH = YES;
				"CODE_SIGN_IDENTITY[sdk=iphoneos*]" = "iPhone Developer";
				COPY_PHASE_STRIP = NO;
				GCC_C_LANGUAGE_STANDARD = gnu99;
				GCC_DYNAMIC_NO_PIC = NO;
				GCC_OPTIMIZATION_LEVEL = 0;
				GCC_PREPROCESSOR_DEFINITIONS = (
					"DEBUG=1",
					"$(inherited)",
				);
				GCC_SYMBOLS_PRIVATE_EXTERN = NO;
				GCC_WARN_64_TO_32_BIT_CONVERSION = YES;
				GCC_WARN_ABOUT_RETURN_TYPE = YES_ERROR;
				GCC_WARN_UNDECLARED_SELECTOR = YES;
				GCC_WARN_UNINITIALIZED_AUTOS = YES_AGGRESSIVE;
				GCC_WARN_UNUSED_FUNCTION = YES;
				GCC_WARN_UNUSED_VARIABLE = YES;
				IPHONEOS_DEPLOYMENT_TARGET = 7.1;
				ONLY_ACTIVE_ARCH = YES;
				SDKROOT = iphoneos;
			};
			name = Debug;
		};
		C0996E4A18F32D1500DB1EF8 /* Release */ = {
			isa = XCBuildConfiguration;
			buildSettings = {
				ALWAYS_SEARCH_USER_PATHS = NO;
				CLANG_CXX_LANGUAGE_STANDARD = "gnu++0x";
				CLANG_CXX_LIBRARY = "libc++";
				CLANG_ENABLE_MODULES = YES;
				CLANG_ENABLE_OBJC_ARC = YES;
				CLANG_WARN_BOOL_CONVERSION = YES;
				CLANG_WARN_CONSTANT_CONVERSION = YES;
				CLANG_WARN_DIRECT_OBJC_ISA_USAGE = YES_ERROR;
				CLANG_WARN_EMPTY_BODY = YES;
				CLANG_WARN_ENUM_CONVERSION = YES;
				CLANG_WARN_INT_CONVERSION = YES;
				CLANG_WARN_OBJC_ROOT_CLASS = YES_ERROR;
				CLANG_WARN__DUPLICATE_METHOD_MATCH = YES;
				"CODE_SIGN_IDENTITY[sdk=iphoneos*]" = "iPhone Developer";
				COPY_PHASE_STRIP = YES;
				ENABLE_NS_ASSERTIONS = NO;
				GCC_C_LANGUAGE_STANDARD = gnu99;
				GCC_WARN_64_TO_32_BIT_CONVERSION = YES;
				GCC_WARN_ABOUT_RETURN_TYPE = YES_ERROR;
				GCC_WARN_UNDECLARED_SELECTOR = YES;
				GCC_WARN_UNINITIALIZED_AUTOS = YES_AGGRESSIVE;
				GCC_WARN_UNUSED_FUNCTION = YES;
				GCC_WARN_UNUSED_VARIABLE = YES;
				IPHONEOS_DEPLOYMENT_TARGET = 7.1;
				SDKROOT = iphoneos;
				VALIDATE_PRODUCT = YES;
			};
			name = Release;
		};
		C0996E4C18F32D1500DB1EF8 /* Debug */ = {
			isa = XCBuildConfiguration;
			buildSettings = {
				ASSETCATALOG_COMPILER_APPICON_NAME = AppIcon;
				ASSETCATALOG_COMPILER_LAUNCHIMAGE_NAME = LaunchImage;
				GCC_PRECOMPILE_PREFIX_HEADER = YES;
				GCC_PREFIX_HEADER = "Quiz7/Quiz7-Prefix.pch";
				INFOPLIST_FILE = "Quiz7/Quiz7-Info.plist";
				PRODUCT_NAME = "$(TARGET_NAME)";
				WRAPPER_EXTENSION = app;
			};
			name = Debug;
		};
		C0996E4D18F32D1500DB1EF8 /* Release */ = {
			isa = XCBuildConfiguration;
			buildSettings = {
				ASSETCATALOG_COMPILER_APPICON_NAME = AppIcon;
				ASSETCATALOG_COMPILER_LAUNCHIMAGE_NAME = LaunchImage;
				GCC_PRECOMPILE_PREFIX_HEADER = YES;
				GCC_PREFIX_HEADER = "Quiz7/Quiz7-Prefix.pch";
				INFOPLIST_FILE = "Quiz7/Quiz7-Info.plist";
				PRODUCT_NAME = "$(TARGET_NAME)";
				WRAPPER_EXTENSION = app;
			};
			name = Release;
		};
		C0996E4F18F32D1500DB1EF8 /* Debug */ = {
			isa = XCBuildConfiguration;
			buildSettings = {
				BUNDLE_LOADER = "$(BUILT_PRODUCTS_DIR)/Quiz7.app/Quiz7";
				FRAMEWORK_SEARCH_PATHS = (
					"$(SDKROOT)/Developer/Library/Frameworks",
					"$(inherited)",
					"$(DEVELOPER_FRAMEWORKS_DIR)",
				);
				GCC_PRECOMPILE_PREFIX_HEADER = YES;
				GCC_PREFIX_HEADER = "Quiz7/Quiz7-Prefix.pch";
				GCC_PREPROCESSOR_DEFINITIONS = (
					"DEBUG=1",
					"$(inherited)",
				);
				INFOPLIST_FILE = "Quiz7Tests/Quiz7Tests-Info.plist";
				PRODUCT_NAME = "$(TARGET_NAME)";
				TEST_HOST = "$(BUNDLE_LOADER)";
				WRAPPER_EXTENSION = xctest;
			};
			name = Debug;
		};
		C0996E5018F32D1500DB1EF8 /* Release */ = {
			isa = XCBuildConfiguration;
			buildSettings = {
				BUNDLE_LOADER = "$(BUILT_PRODUCTS_DIR)/Quiz7.app/Quiz7";
				FRAMEWORK_SEARCH_PATHS = (
					"$(SDKROOT)/Developer/Library/Frameworks",
					"$(inherited)",
					"$(DEVELOPER_FRAMEWORKS_DIR)",
				);
				GCC_PRECOMPILE_PREFIX_HEADER = YES;
				GCC_PREFIX_HEADER = "Quiz7/Quiz7-Prefix.pch";
				INFOPLIST_FILE = "Quiz7Tests/Quiz7Tests-Info.plist";
				PRODUCT_NAME = "$(TARGET_NAME)";
				TEST_HOST = "$(BUNDLE_LOADER)";
				WRAPPER_EXTENSION = xctest;
			};
			name = Release;
		};
/* End XCBuildConfiguration section */

/* Begin XCConfigurationList section */
		C0996E0B18F32D1400DB1EF8 /* Build configuration list for PBXProject "Quiz7" */ = {
			isa = XCConfigurationList;
			buildConfigurations = (
				C0996E4918F32D1500DB1EF8 /* Debug */,
				C0996E4A18F32D1500DB1EF8 /* Release */,
			);
			defaultConfigurationIsVisible = 0;
			defaultConfigurationName = Release;
		};
		C0996E4B18F32D1500DB1EF8 /* Build configuration list for PBXNativeTarget "Quiz7" */ = {
			isa = XCConfigurationList;
			buildConfigurations = (
				C0996E4C18F32D1500DB1EF8 /* Debug */,
				C0996E4D18F32D1500DB1EF8 /* Release */,
			);
			defaultConfigurationIsVisible = 0;
		};
		C0996E4E18F32D1500DB1EF8 /* Build configuration list for PBXNativeTarget "Quiz7Tests" */ = {
			isa = XCConfigurationList;
			buildConfigurations = (
				C0996E4F18F32D1500DB1EF8 /* Debug */,
				C0996E5018F32D1500DB1EF8 /* Release */,
			);
			defaultConfigurationIsVisible = 0;
		};
/* End XCConfigurationList section */

/* Begin XCVersionGroup section */
		C0996E2A18F32D1500DB1EF8 /* Quiz7.xcdatamodeld */ = {
			isa = XCVersionGroup;
			children = (
				C0996E2B18F32D1500DB1EF8 /* Quiz7.xcdatamodel */,
			);
			currentVersion = C0996E2B18F32D1500DB1EF8 /* Quiz7.xcdatamodel */;
			path = Quiz7.xcdatamodeld;
			sourceTree = "<group>";
			versionGroupType = wrapper.xcdatamodel;
		};
/* End XCVersionGroup section */
	};
	rootObject = C0996E0818F32D1400DB1EF8 /* Project object */;
}
